
Microsoft Visual Studio Solution File, Format Version 12.00
# Visual Studio Version 17
VisualStudioVersion = 17.8.34511.84
MinimumVisualStudioVersion = 10.0.40219.1
Project("{9A19103F-16F7-4668-BE54-9A1E7A4F7556}") = "GaB_Auth", "Gab_Auth\GaB_Auth.csproj", "{2A3E9E4C-AEC0-4D45-AB00-D9D47707A77F}"
EndProject
Project("{E53339B2-1760-4266-BCC7-CA923CBCF16C}") = "docker-compose", "docker-compose\docker-compose.dcproj", "{627B0137-7D4B-4C75-ADC8-814546FE14D4}"
EndProject
Global
	GlobalSection(SolutionConfigurationPlatforms) = preSolution
		Debug|Any CPU = Debug|Any CPU
		Release|Any CPU = Release|Any CPU
	EndGlobalSection
	GlobalSection(ProjectConfigurationPlatforms) = postSolution
		{2A3E9E4C-AEC0-4D45-AB00-D9D47707A77F}.Debug|Any CPU.ActiveCfg = Debug|Any CPU
		{2A3E9E4C-AEC0-4D45-AB00-D9D47707A77F}.Debug|Any CPU.Build.0 = Debug|Any CPU
		{2A3E9E4C-AEC0-4D45-AB00-D9D47707A77F}.Release|Any CPU.ActiveCfg = Release|Any CPU
		{2A3E9E4C-AEC0-4D45-AB00-D9D47707A77F}.Release|Any CPU.Build.0 = Release|Any CPU
		{627B0137-7D4B-4C75-ADC8-814546FE14D4}.Debug|Any CPU.ActiveCfg = Debug|Any CPU
		{627B0137-7D4B-4C75-ADC8-814546FE14D4}.Debug|Any CPU.Build.0 = Debug|Any CPU
		{627B0137-7D4B-4C75-ADC8-814546FE14D4}.Release|Any CPU.ActiveCfg = Release|Any CPU
		{627B0137-7D4B-4C75-ADC8-814546FE14D4}.Release|Any CPU.Build.0 = Release|Any CPU
	EndGlobalSection
	GlobalSection(SolutionProperties) = preSolution
		HideSolutionNode = FALSE
	EndGlobalSection
	GlobalSection(ExtensibilityGlobals) = postSolution
		SolutionGuid = {372AADB5-8658-4EF8-9D8F-29578AB9F6F9}
	EndGlobalSection
EndGlobal
